
Microsoft Visual Studio Solution File, Format Version 12.00
# Visual Studio Version 16
VisualStudioVersion = 16.0.30711.63
MinimumVisualStudioVersion = 10.0.40219.1
Project("{9A19103F-16F7-4668-BE54-9A1E7A4F7556}") = "RDFSharp", "RDFSharp\RDFSharp.csproj", "{1EEA1A7E-A661-4745-810E-FBEB9F20B6FC}"
EndProject
Project("{9A19103F-16F7-4668-BE54-9A1E7A4F7556}") = "RDFSharp.Convert", "RDFSharp.Convert\RDFSharp.Convert.csproj", "{6DF53F3B-9BA6-4EBE-81D1-F92719F1E80C}"
EndProject
Project("{9A19103F-16F7-4668-BE54-9A1E7A4F7556}") = "RDFSharp.Benchmarks", "RDFSharp.Benchmarks\RDFSharp.Benchmarks.csproj", "{77AA1A92-484A-422F-AF2B-C6C48DB05343}"
EndProject
Project("{FAE04EC0-301F-11D3-BF4B-00C04F79EFBC}") = "RDFSharp.UnitTests", "RDFSharp.UnitTests\RDFSharp.UnitTests.csproj", "{F352E26A-CC09-4245-A4FA-167132829211}"
EndProject
Global
	GlobalSection(SolutionConfigurationPlatforms) = preSolution
		Debug|Any CPU = Debug|Any CPU
		Release|Any CPU = Release|Any CPU
	EndGlobalSection
	GlobalSection(ProjectConfigurationPlatforms) = postSolution
		{1EEA1A7E-A661-4745-810E-FBEB9F20B6FC}.Debug|Any CPU.ActiveCfg = Debug|Any CPU
		{1EEA1A7E-A661-4745-810E-FBEB9F20B6FC}.Debug|Any CPU.Build.0 = Debug|Any CPU
		{1EEA1A7E-A661-4745-810E-FBEB9F20B6FC}.Release|Any CPU.ActiveCfg = Release|Any CPU
		{1EEA1A7E-A661-4745-810E-FBEB9F20B6FC}.Release|Any CPU.Build.0 = Release|Any CPU
		{6DF53F3B-9BA6-4EBE-81D1-F92719F1E80C}.Debug|Any CPU.ActiveCfg = Debug|Any CPU
		{6DF53F3B-9BA6-4EBE-81D1-F92719F1E80C}.Debug|Any CPU.Build.0 = Debug|Any CPU
		{6DF53F3B-9BA6-4EBE-81D1-F92719F1E80C}.Release|Any CPU.ActiveCfg = Release|Any CPU
		{6DF53F3B-9BA6-4EBE-81D1-F92719F1E80C}.Release|Any CPU.Build.0 = Release|Any CPU
		{77AA1A92-484A-422F-AF2B-C6C48DB05343}.Debug|Any CPU.ActiveCfg = Debug|Any CPU
		{77AA1A92-484A-422F-AF2B-C6C48DB05343}.Debug|Any CPU.Build.0 = Debug|Any CPU
		{77AA1A92-484A-422F-AF2B-C6C48DB05343}.Release|Any CPU.ActiveCfg = Release|Any CPU
		{77AA1A92-484A-422F-AF2B-C6C48DB05343}.Release|Any CPU.Build.0 = Release|Any CPU
		{F352E26A-CC09-4245-A4FA-167132829211}.Debug|Any CPU.ActiveCfg = Debug|Any CPU
		{F352E26A-CC09-4245-A4FA-167132829211}.Debug|Any CPU.Build.0 = Debug|Any CPU
		{F352E26A-CC09-4245-A4FA-167132829211}.Release|Any CPU.ActiveCfg = Release|Any CPU
		{F352E26A-CC09-4245-A4FA-167132829211}.Release|Any CPU.Build.0 = Release|Any CPU
	EndGlobalSection
	GlobalSection(SolutionProperties) = preSolution
		HideSolutionNode = FALSE
	EndGlobalSection
	GlobalSection(ExtensibilityGlobals) = postSolution
		SolutionGuid = {FDD2B7E0-5BC5-4636-997B-778F43D467E8}
	EndGlobalSection
EndGlobal
